
Microsoft Visual Studio Solution File, Format Version 12.00
# Visual Studio Version 17
VisualStudioVersion = 17.0.31903.59
MinimumVisualStudioVersion = 10.0.40219.1
Project("{FAE04EC0-301F-11D3-BF4B-00C04F79EFBC}") = "ParadoxDataLib", "ParadoxDataLib\ParadoxDataLib.csproj", "{CEFC7939-CCB8-49CA-92DF-9C8116D8ED3D}"
EndProject
Project("{FAE04EC0-301F-11D3-BF4B-00C04F79EFBC}") = "ParadoxDataLib.Tests", "ParadoxDataLib.Tests\ParadoxDataLib.Tests.csproj", "{28124851-29C2-4B68-8352-EB829243E5EB}"
EndProject
Project("{FAE04EC0-301F-11D3-BF4B-00C04F79EFBC}") = "ParadoxDataLib.Benchmarks", "ParadoxDataLib.Benchmarks\ParadoxDataLib.Benchmarks.csproj", "{7AF8BBB3-6E07-41B1-92D5-0BF4CFD2ED69}"
EndProject
Global
	GlobalSection(SolutionConfigurationPlatforms) = preSolution
		Debug|Any CPU = Debug|Any CPU
		Release|Any CPU = Release|Any CPU
	EndGlobalSection
	GlobalSection(SolutionProperties) = preSolution
		HideSolutionNode = FALSE
	EndGlobalSection
	GlobalSection(ProjectConfigurationPlatforms) = postSolution
		{CEFC7939-CCB8-49CA-92DF-9C8116D8ED3D}.Debug|Any CPU.ActiveCfg = Debug|Any CPU
		{CEFC7939-CCB8-49CA-92DF-9C8116D8ED3D}.Debug|Any CPU.Build.0 = Debug|Any CPU
		{CEFC7939-CCB8-49CA-92DF-9C8116D8ED3D}.Release|Any CPU.ActiveCfg = Release|Any CPU
		{CEFC7939-CCB8-49CA-92DF-9C8116D8ED3D}.Release|Any CPU.Build.0 = Release|Any CPU
		{28124851-29C2-4B68-8352-EB829243E5EB}.Debug|Any CPU.ActiveCfg = Debug|Any CPU
		{28124851-29C2-4B68-8352-EB829243E5EB}.Debug|Any CPU.Build.0 = Debug|Any CPU
		{28124851-29C2-4B68-8352-EB829243E5EB}.Release|Any CPU.ActiveCfg = Release|Any CPU
		{28124851-29C2-4B68-8352-EB829243E5EB}.Release|Any CPU.Build.0 = Release|Any CPU
		{7AF8BBB3-6E07-41B1-92D5-0BF4CFD2ED69}.Debug|Any CPU.ActiveCfg = Debug|Any CPU
		{7AF8BBB3-6E07-41B1-92D5-0BF4CFD2ED69}.Debug|Any CPU.Build.0 = Debug|Any CPU
		{7AF8BBB3-6E07-41B1-92D5-0BF4CFD2ED69}.Release|Any CPU.ActiveCfg = Release|Any CPU
		{7AF8BBB3-6E07-41B1-92D5-0BF4CFD2ED69}.Release|Any CPU.Build.0 = Release|Any CPU
	EndGlobalSection
EndGlobal
